
Microsoft Visual Studio Solution File, Format Version 12.00
# Visual Studio Version 17
VisualStudioVersion = 17.6.33801.468
MinimumVisualStudioVersion = 10.0.40219.1
Project("{FAE04EC0-301F-11D3-BF4B-00C04F79EFBC}") = "Adapter1", "Adapter1\Adapter1.csproj", "{8FC43A03-21A7-479F-A3DD-D617F0F3991E}"
EndProject
Global
	GlobalSection(SolutionConfigurationPlatforms) = preSolution
		Debug|Any CPU = Debug|Any CPU
		Release|Any CPU = Release|Any CPU
	EndGlobalSection
	GlobalSection(ProjectConfigurationPlatforms) = postSolution
		{8FC43A03-21A7-479F-A3DD-D617F0F3991E}.Debug|Any CPU.ActiveCfg = Debug|Any CPU
		{8FC43A03-21A7-479F-A3DD-D617F0F3991E}.Debug|Any CPU.Build.0 = Debug|Any CPU
		{8FC43A03-21A7-479F-A3DD-D617F0F3991E}.Release|Any CPU.ActiveCfg = Release|Any CPU
		{8FC43A03-21A7-479F-A3DD-D617F0F3991E}.Release|Any CPU.Build.0 = Release|Any CPU
	EndGlobalSection
	GlobalSection(SolutionProperties) = preSolution
		HideSolutionNode = FALSE
	EndGlobalSection
	GlobalSection(ExtensibilityGlobals) = postSolution
		SolutionGuid = {AA02EF2F-1929-47C9-AC82-8E574D5B015B}
	EndGlobalSection
EndGlobal
